
Microsoft Visual Studio Solution File, Format Version 12.00
# Visual Studio Version 16
VisualStudioVersion = 16.0.31129.286
MinimumVisualStudioVersion = 10.0.40219.1
Project("{FAE04EC0-301F-11D3-BF4B-00C04F79EFBC}") = "Millioner", "Millioner\Millioner.csproj", "{C93345A6-B28B-4F91-9373-0CB8251B1290}"
EndProject
Global
	GlobalSection(SolutionConfigurationPlatforms) = preSolution
		Debug|Any CPU = Debug|Any CPU
		Release|Any CPU = Release|Any CPU
	EndGlobalSection
	GlobalSection(ProjectConfigurationPlatforms) = postSolution
		{C93345A6-B28B-4F91-9373-0CB8251B1290}.Debug|Any CPU.ActiveCfg = Debug|Any CPU
		{C93345A6-B28B-4F91-9373-0CB8251B1290}.Debug|Any CPU.Build.0 = Debug|Any CPU
		{C93345A6-B28B-4F91-9373-0CB8251B1290}.Release|Any CPU.ActiveCfg = Release|Any CPU
		{C93345A6-B28B-4F91-9373-0CB8251B1290}.Release|Any CPU.Build.0 = Release|Any CPU
	EndGlobalSection
	GlobalSection(SolutionProperties) = preSolution
		HideSolutionNode = FALSE
	EndGlobalSection
	GlobalSection(ExtensibilityGlobals) = postSolution
		SolutionGuid = {D4479EBB-7AEE-4581-93F4-2C7588EB14A0}
	EndGlobalSection
EndGlobal
